
Microsoft Visual Studio Solution File, Format Version 12.00
# Visual Studio Version 17
VisualStudioVersion = 17.8.34330.188
MinimumVisualStudioVersion = 10.0.40219.1
Project("{FAE04EC0-301F-11D3-BF4B-00C04F79EFBC}") = "App1", "App1\App1.csproj", "{F34134E3-56E7-4094-9DC2-172042EBEAAE}"
EndProject
Global
	GlobalSection(SolutionConfigurationPlatforms) = preSolution
		Debug|Any CPU = Debug|Any CPU
		Release|Any CPU = Release|Any CPU
	EndGlobalSection
	GlobalSection(ProjectConfigurationPlatforms) = postSolution
		{F34134E3-56E7-4094-9DC2-172042EBEAAE}.Debug|Any CPU.ActiveCfg = Debug|Any CPU
		{F34134E3-56E7-4094-9DC2-172042EBEAAE}.Debug|Any CPU.Build.0 = Debug|Any CPU
		{F34134E3-56E7-4094-9DC2-172042EBEAAE}.Debug|Any CPU.Deploy.0 = Debug|Any CPU
		{F34134E3-56E7-4094-9DC2-172042EBEAAE}.Release|Any CPU.ActiveCfg = Release|Any CPU
		{F34134E3-56E7-4094-9DC2-172042EBEAAE}.Release|Any CPU.Build.0 = Release|Any CPU
		{F34134E3-56E7-4094-9DC2-172042EBEAAE}.Release|Any CPU.Deploy.0 = Release|Any CPU
	EndGlobalSection
	GlobalSection(SolutionProperties) = preSolution
		HideSolutionNode = FALSE
	EndGlobalSection
	GlobalSection(ExtensibilityGlobals) = postSolution
		SolutionGuid = {DC023B60-AC99-4C53-9FA7-4A19A897E754}
	EndGlobalSection
EndGlobal
